// !$*UTF8*$!
{
	archiveVersion = 1;
	classes = {
	};
	objectVersion = 56;
	objects = {

/* Begin PBXBuildFile section */
		F5A5B98229E9865D00348EA1 /* FibonacciApp.swift in Sources */ = {isa = PBXBuildFile; fileRef = F5A5B98129E9865D00348EA1 /* FibonacciApp.swift */; };
		F5A5B98429E9865D00348EA1 /* ContentView.swift in Sources */ = {isa = PBXBuildFile; fileRef = F5A5B98329E9865D00348EA1 /* ContentView.swift */; };
		F5A5B98629E9865F00348EA1 /* Assets.xcassets in Resources */ = {isa = PBXBuildFile; fileRef = F5A5B98529E9865F00348EA1 /* Assets.xcassets */; };
		F5A5B98929E9865F00348EA1 /* Preview Assets.xcassets in Resources */ = {isa = PBXBuildFile; fileRef = F5A5B98829E9865F00348EA1 /* Preview Assets.xcassets */; };
		F5A5B99329E9865F00348EA1 /* FibonacciTests.swift in Sources */ = {isa = PBXBuildFile; fileRef = F5A5B99229E9865F00348EA1 /* FibonacciTests.swift */; };
		F5A5B99D29E9865F00348EA1 /* FibonacciUITests.swift in Sources */ = {isa = PBXBuildFile; fileRef = F5A5B99C29E9865F00348EA1 /* FibonacciUITests.swift */; };
		F5A5B99F29E9865F00348EA1 /* FibonacciUITestsLaunchTests.swift in Sources */ = {isa = PBXBuildFile; fileRef = F5A5B99E29E9865F00348EA1 /* FibonacciUITestsLaunchTests.swift */; };
/* End PBXBuildFile section */

/* Begin PBXContainerItemProxy section */
		F5A5B98F29E9865F00348EA1 /* PBXContainerItemProxy */ = {
			isa = PBXContainerItemProxy;
			containerPortal = F5A5B97629E9865D00348EA1 /* Project object */;
			proxyType = 1;
			remoteGlobalIDString = F5A5B97D29E9865D00348EA1;
			remoteInfo = Fibonacci;
		};
		F5A5B99929E9865F00348EA1 /* PBXContainerItemProxy */ = {
			isa = PBXContainerItemProxy;
			containerPortal = F5A5B97629E9865D00348EA1 /* Project object */;
			proxyType = 1;
			remoteGlobalIDString = F5A5B97D29E9865D00348EA1;
			remoteInfo = Fibonacci;
		};
/* End PBXContainerItemProxy section */

/* Begin PBXFileReference section */
		F5A5B97E29E9865D00348EA1 /* Fibonacci.app */ = {isa = PBXFileReference; explicitFileType = wrapper.application; includeInIndex = 0; path = Fibonacci.app; sourceTree = BUILT_PRODUCTS_DIR; };
		F5A5B98129E9865D00348EA1 /* FibonacciApp.swift */ = {isa = PBXFileReference; lastKnownFileType = sourcecode.swift; path = FibonacciApp.swift; sourceTree = "<group>"; };
		F5A5B98329E9865D00348EA1 /* ContentView.swift */ = {isa = PBXFileReference; lastKnownFileType = sourcecode.swift; path = ContentView.swift; sourceTree = "<group>"; };
		F5A5B98529E9865F00348EA1 /* Assets.xcassets */ = {isa = PBXFileReference; lastKnownFileType = folder.assetcatalog; path = Assets.xcassets; sourceTree = "<group>"; };
		F5A5B98829E9865F00348EA1 /* Preview Assets.xcassets */ = {isa = PBXFileReference; lastKnownFileType = folder.assetcatalog; path = "Preview Assets.xcassets"; sourceTree = "<group>"; };
		F5A5B98E29E9865F00348EA1 /* FibonacciTests.xctest */ = {isa = PBXFileReference; explicitFileType = wrapper.cfbundle; includeInIndex = 0; path = FibonacciTests.xctest; sourceTree = BUILT_PRODUCTS_DIR; };
		F5A5B99229E9865F00348EA1 /* FibonacciTests.swift */ = {isa = PBXFileReference; lastKnownFileType = sourcecode.swift; path = FibonacciTests.swift; sourceTree = "<group>"; };
		F5A5B99829E9865F00348EA1 /* FibonacciUITests.xctest */ = {isa = PBXFileReference; explicitFileType = wrapper.cfbundle; includeInIndex = 0; path = FibonacciUITests.xctest; sourceTree = BUILT_PRODUCTS_DIR; };
		F5A5B99C29E9865F00348EA1 /* FibonacciUITests.swift */ = {isa = PBXFileReference; lastKnownFileType = sourcecode.swift; path = FibonacciUITests.swift; sourceTree = "<group>"; };
		F5A5B99E29E9865F00348EA1 /* FibonacciUITestsLaunchTests.swift */ = {isa = PBXFileReference; lastKnownFileType = sourcecode.swift; path = FibonacciUITestsLaunchTests.swift; sourceTree = "<group>"; };
/* End PBXFileReference section */

/* Begin PBXFrameworksBuildPhase section */
		F5A5B97B29E9865D00348EA1 /* Frameworks */ = {
			isa = PBXFrameworksBuildPhase;
			buildActionMask = 2147483647;
			files = (
			);
			runOnlyForDeploymentPostprocessing = 0;
		};
		F5A5B98B29E9865F00348EA1 /* Frameworks */ = {
			isa = PBXFrameworksBuildPhase;
			buildActionMask = 2147483647;
			files = (
			);
			runOnlyForDeploymentPostprocessing = 0;
		};
		F5A5B99529E9865F00348EA1 /* Frameworks */ = {
			isa = PBXFrameworksBuildPhase;
			buildActionMask = 2147483647;
			files = (
			);
			runOnlyForDeploymentPostprocessing = 0;
		};
/* End PBXFrameworksBuildPhase section */

/* Begin PBXGroup section */
		F5A5B97529E9865D00348EA1 = {
			isa = PBXGroup;
			children = (
				F5A5B98029E9865D00348EA1 /* Fibonacci */,
				F5A5B99129E9865F00348EA1 /* FibonacciTests */,
				F5A5B99B29E9865F00348EA1 /* FibonacciUITests */,
				F5A5B97F29E9865D00348EA1 /* Products */,
			);
			sourceTree = "<group>";
		};
		F5A5B97F29E9865D00348EA1 /* Products */ = {
			isa = PBXGroup;
			children = (
				F5A5B97E29E9865D00348EA1 /* Fibonacci.app */,
				F5A5B98E29E9865F00348EA1 /* FibonacciTests.xctest */,
				F5A5B99829E9865F00348EA1 /* FibonacciUITests.xctest */,
			);
			name = Products;
			sourceTree = "<group>";
		};
		F5A5B98029E9865D00348EA1 /* Fibonacci */ = {
			isa = PBXGroup;
			children = (
				F5A5B98129E9865D00348EA1 /* FibonacciApp.swift */,
				F5A5B98329E9865D00348EA1 /* ContentView.swift */,
				F5A5B98529E9865F00348EA1 /* Assets.xcassets */,
				F5A5B98729E9865F00348EA1 /* Preview Content */,
			);
			path = Fibonacci;
			sourceTree = "<group>";
		};
		F5A5B98729E9865F00348EA1 /* Preview Content */ = {
			isa = PBXGroup;
			children = (
				F5A5B98829E9865F00348EA1 /* Preview Assets.xcassets */,
			);
			path = "Preview Content";
			sourceTree = "<group>";
		};
		F5A5B99129E9865F00348EA1 /* FibonacciTests */ = {
			isa = PBXGroup;
			children = (
				F5A5B99229E9865F00348EA1 /* FibonacciTests.swift */,
			);
			path = FibonacciTests;
			sourceTree = "<group>";
		};
		F5A5B99B29E9865F00348EA1 /* FibonacciUITests */ = {
			isa = PBXGroup;
			children = (
				F5A5B99C29E9865F00348EA1 /* FibonacciUITests.swift */,
				F5A5B99E29E9865F00348EA1 /* FibonacciUITestsLaunchTests.swift */,
			);
			path = FibonacciUITests;
			sourceTree = "<group>";
		};
/* End PBXGroup section */

/* Begin PBXNativeTarget section */
		F5A5B97D29E9865D00348EA1 /* Fibonacci */ = {
			isa = PBXNativeTarget;
			buildConfigurationList = F5A5B9A229E9865F00348EA1 /* Build configuration list for PBXNativeTarget "Fibonacci" */;
			buildPhases = (
				F5A5B97A29E9865D00348EA1 /* Sources */,
				F5A5B97B29E9865D00348EA1 /* Frameworks */,
				F5A5B97C29E9865D00348EA1 /* Resources */,
			);
			buildRules = (
			);
			dependencies = (
			);
			name = Fibonacci;
			productName = Fibonacci;
			productReference = F5A5B97E29E9865D00348EA1 /* Fibonacci.app */;
			productType = "com.apple.product-type.application";
		};
		F5A5B98D29E9865F00348EA1 /* FibonacciTests */ = {
			isa = PBXNativeTarget;
			buildConfigurationList = F5A5B9A529E9865F00348EA1 /* Build configuration list for PBXNativeTarget "FibonacciTests" */;
			buildPhases = (
				F5A5B98A29E9865F00348EA1 /* Sources */,
				F5A5B98B29E9865F00348EA1 /* Frameworks */,
				F5A5B98C29E9865F00348EA1 /* Resources */,
			);
			buildRules = (
			);
			dependencies = (
				F5A5B99029E9865F00348EA1 /* PBXTargetDependency */,
			);
			name = FibonacciTests;
			productName = FibonacciTests;
			productReference = F5A5B98E29E9865F00348EA1 /* FibonacciTests.xctest */;
			productType = "com.apple.product-type.bundle.unit-test";
		};
		F5A5B99729E9865F00348EA1 /* FibonacciUITests */ = {
			isa = PBXNativeTarget;
			buildConfigurationList = F5A5B9A829E9865F00348EA1 /* Build configuration list for PBXNativeTarget "FibonacciUITests" */;
			buildPhases = (
				F5A5B99429E9865F00348EA1 /* Sources */,
				F5A5B99529E9865F00348EA1 /* Frameworks */,
				F5A5B99629E9865F00348EA1 /* Resources */,
			);
			buildRules = (
			);
			dependencies = (
				F5A5B99A29E9865F00348EA1 /* PBXTargetDependency */,
			);
			name = FibonacciUITests;
			productName = FibonacciUITests;
			productReference = F5A5B99829E9865F00348EA1 /* FibonacciUITests.xctest */;
			productType = "com.apple.product-type.bundle.ui-testing";
		};
/* End PBXNativeTarget section */

/* Begin PBXProject section */
		F5A5B97629E9865D00348EA1 /* Project object */ = {
			isa = PBXProject;
			attributes = {
				BuildIndependentTargetsInParallel = 1;
				LastSwiftUpdateCheck = 1420;
				LastUpgradeCheck = 1420;
				TargetAttributes = {
					F5A5B97D29E9865D00348EA1 = {
						CreatedOnToolsVersion = 14.2;
					};
					F5A5B98D29E9865F00348EA1 = {
						CreatedOnToolsVersion = 14.2;
						TestTargetID = F5A5B97D29E9865D00348EA1;
					};
					F5A5B99729E9865F00348EA1 = {
						CreatedOnToolsVersion = 14.2;
						TestTargetID = F5A5B97D29E9865D00348EA1;
					};
				};
			};
			buildConfigurationList = F5A5B97929E9865D00348EA1 /* Build configuration list for PBXProject "Fibonacci" */;
			compatibilityVersion = "Xcode 14.0";
			developmentRegion = en;
			hasScannedForEncodings = 0;
			knownRegions = (
				en,
				Base,
			);
			mainGroup = F5A5B97529E9865D00348EA1;
			productRefGroup = F5A5B97F29E9865D00348EA1 /* Products */;
			projectDirPath = "";
			projectRoot = "";
			targets = (
				F5A5B97D29E9865D00348EA1 /* Fibonacci */,
				F5A5B98D29E9865F00348EA1 /* FibonacciTests */,
				F5A5B99729E9865F00348EA1 /* FibonacciUITests */,
			);
		};
/* End PBXProject section */

/* Begin PBXResourcesBuildPhase section */
		F5A5B97C29E9865D00348EA1 /* Resources */ = {
			isa = PBXResourcesBuildPhase;
			buildActionMask = 2147483647;
			files = (
				F5A5B98929E9865F00348EA1 /* Preview Assets.xcassets in Resources */,
				F5A5B98629E9865F00348EA1 /* Assets.xcassets in Resources */,
			);
			runOnlyForDeploymentPostprocessing = 0;
		};
		F5A5B98C29E9865F00348EA1 /* Resources */ = {
			isa = PBXResourcesBuildPhase;
			buildActionMask = 2147483647;
			files = (
			);
			runOnlyForDeploymentPostprocessing = 0;
		};
		F5A5B99629E9865F00348EA1 /* Resources */ = {
			isa = PBXResourcesBuildPhase;
			buildActionMask = 2147483647;
			files = (
			);
			runOnlyForDeploymentPostprocessing = 0;
		};
/* End PBXResourcesBuildPhase section */

/* Begin PBXSourcesBuildPhase section */
		F5A5B97A29E9865D00348EA1 /* Sources */ = {
			isa = PBXSourcesBuildPhase;
			buildActionMask = 2147483647;
			files = (
				F5A5B98429E9865D00348EA1 /* ContentView.swift in Sources */,
				F5A5B98229E9865D00348EA1 /* FibonacciApp.swift in Sources */,
			);
			runOnlyForDeploymentPostprocessing = 0;
		};
		F5A5B98A29E9865F00348EA1 /* Sources */ = {
			isa = PBXSourcesBuildPhase;
			buildActionMask = 2147483647;
			files = (
				F5A5B99329E9865F00348EA1 /* FibonacciTests.swift in Sources */,
			);
			runOnlyForDeploymentPostprocessing = 0;
		};
		F5A5B99429E9865F00348EA1 /* Sources */ = {
			isa = PBXSourcesBuildPhase;
			buildActionMask = 2147483647;
			files = (
				F5A5B99D29E9865F00348EA1 /* FibonacciUITests.swift in Sources */,
				F5A5B99F29E9865F00348EA1 /* FibonacciUITestsLaunchTests.swift in Sources */,
			);
			runOnlyForDeploymentPostprocessing = 0;
		};
/* End PBXSourcesBuildPhase section */

/* Begin PBXTargetDependency section */
		F5A5B99029E9865F00348EA1 /* PBXTargetDependency */ = {
			isa = PBXTargetDependency;
			target = F5A5B97D29E9865D00348EA1 /* Fibonacci */;
			targetProxy = F5A5B98F29E9865F00348EA1 /* PBXContainerItemProxy */;
		};
		F5A5B99A29E9865F00348EA1 /* PBXTargetDependency */ = {
			isa = PBXTargetDependency;
			target = F5A5B97D29E9865D00348EA1 /* Fibonacci */;
			targetProxy = F5A5B99929E9865F00348EA1 /* PBXContainerItemProxy */;
		};
/* End PBXTargetDependency section */

/* Begin XCBuildConfiguration section */
		F5A5B9A029E9865F00348EA1 /* Debug */ = {
			isa = XCBuildConfiguration;
			buildSettings = {
				ALWAYS_SEARCH_USER_PATHS = NO;
				CLANG_ANALYZER_NONNULL = YES;
				CLANG_ANALYZER_NUMBER_OBJECT_CONVERSION = YES_AGGRESSIVE;
				CLANG_CXX_LANGUAGE_STANDARD = "gnu++20";
				CLANG_ENABLE_MODULES = YES;
				CLANG_ENABLE_OBJC_ARC = YES;
				CLANG_ENABLE_OBJC_WEAK = YES;
				CLANG_WARN_BLOCK_CAPTURE_AUTORELEASING = YES;
				CLANG_WARN_BOOL_CONVERSION = YES;
				CLANG_WARN_COMMA = YES;
				CLANG_WARN_CONSTANT_CONVERSION = YES;
				CLANG_WARN_DEPRECATED_OBJC_IMPLEMENTATIONS = YES;
				CLANG_WARN_DIRECT_OBJC_ISA_USAGE = YES_ERROR;
				CLANG_WARN_DOCUMENTATION_COMMENTS = YES;
				CLANG_WARN_EMPTY_BODY = YES;
				CLANG_WARN_ENUM_CONVERSION = YES;
				CLANG_WARN_INFINITE_RECURSION = YES;
				CLANG_WARN_INT_CONVERSION = YES;
				CLANG_WARN_NON_LITERAL_NULL_CONVERSION = YES;
				CLANG_WARN_OBJC_IMPLICIT_RETAIN_SELF = YES;
				CLANG_WARN_OBJC_LITERAL_CONVERSION = YES;
				CLANG_WARN_OBJC_ROOT_CLASS = YES_ERROR;
				CLANG_WARN_QUOTED_INCLUDE_IN_FRAMEWORK_HEADER = YES;
				CLANG_WARN_RANGE_LOOP_ANALYSIS = YES;
				CLANG_WARN_STRICT_PROTOTYPES = YES;
				CLANG_WARN_SUSPICIOUS_MOVE = YES;
				CLANG_WARN_UNGUARDED_AVAILABILITY = YES_AGGRESSIVE;
				CLANG_WARN_UNREACHABLE_CODE = YES;
				CLANG_WARN__DUPLICATE_METHOD_MATCH = YES;
				COPY_PHASE_STRIP = NO;
				DEBUG_INFORMATION_FORMAT = dwarf;
				ENABLE_STRICT_OBJC_MSGSEND = YES;
				ENABLE_TESTABILITY = YES;
				GCC_C_LANGUAGE_STANDARD = gnu11;
				GCC_DYNAMIC_NO_PIC = NO;
				GCC_NO_COMMON_BLOCKS = YES;
				GCC_OPTIMIZATION_LEVEL = 0;
				GCC_PREPROCESSOR_DEFINITIONS = (
					"DEBUG=1",
					"$(inherited)",
				);
				GCC_WARN_64_TO_32_BIT_CONVERSION = YES;
				GCC_WARN_ABOUT_RETURN_TYPE = YES_ERROR;
				GCC_WARN_UNDECLARED_SELECTOR = YES;
				GCC_WARN_UNINITIALIZED_AUTOS = YES_AGGRESSIVE;
				GCC_WARN_UNUSED_FUNCTION = YES;
				GCC_WARN_UNUSED_VARIABLE = YES;
				IPHONEOS_DEPLOYMENT_TARGET = 16.2;
				MTL_ENABLE_DEBUG_INFO = INCLUDE_SOURCE;
				MTL_FAST_MATH = YES;
				ONLY_ACTIVE_ARCH = YES;
				SDKROOT = iphoneos;
				SWIFT_ACTIVE_COMPILATION_CONDITIONS = DEBUG;
				SWIFT_OPTIMIZATION_LEVEL = "-Onone";
			};
			name = Debug;
		};
		F5A5B9A129E9865F00348EA1 /* Release */ = {
			isa = XCBuildConfiguration;
			buildSettings = {
				ALWAYS_SEARCH_USER_PATHS = NO;
				CLANG_ANALYZER_NONNULL = YES;
				CLANG_ANALYZER_NUMBER_OBJECT_CONVERSION = YES_AGGRESSIVE;
				CLANG_CXX_LANGUAGE_STANDARD = "gnu++20";
				CLANG_ENABLE_MODULES = YES;
				CLANG_ENABLE_OBJC_ARC = YES;
				CLANG_ENABLE_OBJC_WEAK = YES;
				CLANG_WARN_BLOCK_CAPTURE_AUTORELEASING = YES;
				CLANG_WARN_BOOL_CONVERSION = YES;
				CLANG_WARN_COMMA = YES;
				CLANG_WARN_CONSTANT_CONVERSION = YES;
				CLANG_WARN_DEPRECATED_OBJC_IMPLEMENTATIONS = YES;
				CLANG_WARN_DIRECT_OBJC_ISA_USAGE = YES_ERROR;
				CLANG_WARN_DOCUMENTATION_COMMENTS = YES;
				CLANG_WARN_EMPTY_BODY = YES;
				CLANG_WARN_ENUM_CONVERSION = YES;
				CLANG_WARN_INFINITE_RECURSION = YES;
				CLANG_WARN_INT_CONVERSION = YES;
				CLANG_WARN_NON_LITERAL_NULL_CONVERSION = YES;
				CLANG_WARN_OBJC_IMPLICIT_RETAIN_SELF = YES;
				CLANG_WARN_OBJC_LITERAL_CONVERSION = YES;
				CLANG_WARN_OBJC_ROOT_CLASS = YES_ERROR;
				CLANG_WARN_QUOTED_INCLUDE_IN_FRAMEWORK_HEADER = YES;
				CLANG_WARN_RANGE_LOOP_ANALYSIS = YES;
				CLANG_WARN_STRICT_PROTOTYPES = YES;
				CLANG_WARN_SUSPICIOUS_MOVE = YES;
				CLANG_WARN_UNGUARDED_AVAILABILITY = YES_AGGRESSIVE;
				CLANG_WARN_UNREACHABLE_CODE = YES;
				CLANG_WARN__DUPLICATE_METHOD_MATCH = YES;
				COPY_PHASE_STRIP = NO;
				DEBUG_INFORMATION_FORMAT = "dwarf-with-dsym";
				ENABLE_NS_ASSERTIONS = NO;
				ENABLE_STRICT_OBJC_MSGSEND = YES;
				GCC_C_LANGUAGE_STANDARD = gnu11;
				GCC_NO_COMMON_BLOCKS = YES;
				GCC_WARN_64_TO_32_BIT_CONVERSION = YES;
				GCC_WARN_ABOUT_RETURN_TYPE = YES_ERROR;
				GCC_WARN_UNDECLARED_SELECTOR = YES;
				GCC_WARN_UNINITIALIZED_AUTOS = YES_AGGRESSIVE;
				GCC_WARN_UNUSED_FUNCTION = YES;
				GCC_WARN_UNUSED_VARIABLE = YES;
				IPHONEOS_DEPLOYMENT_TARGET = 16.2;
				MTL_ENABLE_DEBUG_INFO = NO;
				MTL_FAST_MATH = YES;
				SDKROOT = iphoneos;
				SWIFT_COMPILATION_MODE = wholemodule;
				SWIFT_OPTIMIZATION_LEVEL = "-O";
				VALIDATE_PRODUCT = YES;
			};
			name = Release;
		};
		F5A5B9A329E9865F00348EA1 /* Debug */ = {
			isa = XCBuildConfiguration;
			buildSettings = {
				ASSETCATALOG_COMPILER_APPICON_NAME = AppIcon;
				ASSETCATALOG_COMPILER_GLOBAL_ACCENT_COLOR_NAME = AccentColor;
				CODE_SIGN_STYLE = Automatic;
				CURRENT_PROJECT_VERSION = 1;
				DEVELOPMENT_ASSET_PATHS = "\"Fibonacci/Preview Content\"";
				DEVELOPMENT_TEAM = AM42ZQURP2;
				ENABLE_PREVIEWS = YES;
				GENERATE_INFOPLIST_FILE = YES;
				INFOPLIST_KEY_UIApplicationSceneManifest_Generation = YES;
				INFOPLIST_KEY_UIApplicationSupportsIndirectInputEvents = YES;
				INFOPLIST_KEY_UILaunchScreen_Generation = YES;
				INFOPLIST_KEY_UISupportedInterfaceOrientations_iPad = "UIInterfaceOrientationPortrait UIInterfaceOrientationPortraitUpsideDown UIInterfaceOrientationLandscapeLeft UIInterfaceOrientationLandscapeRight";
				INFOPLIST_KEY_UISupportedInterfaceOrientations_iPhone = "UIInterfaceOrientationPortrait UIInterfaceOrientationLandscapeLeft UIInterfaceOrientationLandscapeRight";
				LD_RUNPATH_SEARCH_PATHS = (
					"$(inherited)",
					"@executable_path/Frameworks",
				);
				MARKETING_VERSION = 1.0;
				PRODUCT_BUNDLE_IDENTIFIER = pdfexamplewriter.Fibonacci;
				PRODUCT_NAME = "$(TARGET_NAME)";
				SWIFT_EMIT_LOC_STRINGS = YES;
				SWIFT_VERSION = 5.0;
				TARGETED_DEVICE_FAMILY = "1,2";
			};
			name = Debug;
		};
		F5A5B9A429E9865F00348EA1 /* Release */ = {
			isa = XCBuildConfiguration;
			buildSettings = {
				ASSETCATALOG_COMPILER_APPICON_NAME = AppIcon;
				ASSETCATALOG_COMPILER_GLOBAL_ACCENT_COLOR_NAME = AccentColor;
				CODE_SIGN_STYLE = Automatic;
				CURRENT_PROJECT_VERSION = 1;
				DEVELOPMENT_ASSET_PATHS = "\"Fibonacci/Preview Content\"";
				DEVELOPMENT_TEAM = AM42ZQURP2;
				ENABLE_PREVIEWS = YES;
				GENERATE_INFOPLIST_FILE = YES;
				INFOPLIST_KEY_UIApplicationSceneManifest_Generation = YES;
				INFOPLIST_KEY_UIApplicationSupportsIndirectInputEvents = YES;
				INFOPLIST_KEY_UILaunchScreen_Generation = YES;
				INFOPLIST_KEY_UISupportedInterfaceOrientations_iPad = "UIInterfaceOrientationPortrait UIInterfaceOrientationPortraitUpsideDown UIInterfaceOrientationLandscapeLeft UIInterfaceOrientationLandscapeRight";
				INFOPLIST_KEY_UISupportedInterfaceOrientations_iPhone = "UIInterfaceOrientationPortrait UIInterfaceOrientationLandscapeLeft UIInterfaceOrientationLandscapeRight";
				LD_RUNPATH_SEARCH_PATHS = (
					"$(inherited)",
					"@executable_path/Frameworks",
				);
				MARKETING_VERSION = 1.0;
				PRODUCT_BUNDLE_IDENTIFIER = pdfexamplewriter.Fibonacci;
				PRODUCT_NAME = "$(TARGET_NAME)";
				SWIFT_EMIT_LOC_STRINGS = YES;
				SWIFT_VERSION = 5.0;
				TARGETED_DEVICE_FAMILY = "1,2";
			};
			name = Release;
		};
		F5A5B9A629E9865F00348EA1 /* Debug */ = {
			isa = XCBuildConfiguration;
			buildSettings = {
				ALWAYS_EMBED_SWIFT_STANDARD_LIBRARIES = YES;
				BUNDLE_LOADER = "$(TEST_HOST)";
				CODE_SIGN_STYLE = Automatic;
				CURRENT_PROJECT_VERSION = 1;
				DEVELOPMENT_TEAM = AM42ZQURP2;
				GENERATE_INFOPLIST_FILE = YES;
				IPHONEOS_DEPLOYMENT_TARGET = 16.2;
				MARKETING_VERSION = 1.0;
				PRODUCT_BUNDLE_IDENTIFIER = pdfexamplewriter.FibonacciTests;
				PRODUCT_NAME = "$(TARGET_NAME)";
				SWIFT_EMIT_LOC_STRINGS = NO;
				SWIFT_VERSION = 5.0;
				TARGETED_DEVICE_FAMILY = "1,2";
				TEST_HOST = "$(BUILT_PRODUCTS_DIR)/Fibonacci.app/$(BUNDLE_EXECUTABLE_FOLDER_PATH)/Fibonacci";
			};
			name = Debug;
		};
		F5A5B9A729E9865F00348EA1 /* Release */ = {
			isa = XCBuildConfiguration;
			buildSettings = {
				ALWAYS_EMBED_SWIFT_STANDARD_LIBRARIES = YES;
				BUNDLE_LOADER = "$(TEST_HOST)";
				CODE_SIGN_STYLE = Automatic;
				CURRENT_PROJECT_VERSION = 1;
				DEVELOPMENT_TEAM = AM42ZQURP2;
				GENERATE_INFOPLIST_FILE = YES;
				IPHONEOS_DEPLOYMENT_TARGET = 16.2;
				MARKETING_VERSION = 1.0;
				PRODUCT_BUNDLE_IDENTIFIER = pdfexamplewriter.FibonacciTests;
				PRODUCT_NAME = "$(TARGET_NAME)";
				SWIFT_EMIT_LOC_STRINGS = NO;
				SWIFT_VERSION = 5.0;
				TARGETED_DEVICE_FAMILY = "1,2";
				TEST_HOST = "$(BUILT_PRODUCTS_DIR)/Fibonacci.app/$(BUNDLE_EXECUTABLE_FOLDER_PATH)/Fibonacci";
			};
			name = Release;
		};
		F5A5B9A929E9865F00348EA1 /* Debug */ = {
			isa = XCBuildConfiguration;
			buildSettings = {
				ALWAYS_EMBED_SWIFT_STANDARD_LIBRARIES = YES;
				CODE_SIGN_STYLE = Automatic;
				CURRENT_PROJECT_VERSION = 1;
				DEVELOPMENT_TEAM = AM42ZQURP2;
				GENERATE_INFOPLIST_FILE = YES;
				MARKETING_VERSION = 1.0;
				PRODUCT_BUNDLE_IDENTIFIER = pdfexamplewriter.FibonacciUITests;
				PRODUCT_NAME = "$(TARGET_NAME)";
				SWIFT_EMIT_LOC_STRINGS = NO;
				SWIFT_VERSION = 5.0;
				TARGETED_DEVICE_FAMILY = "1,2";
				TEST_TARGET_NAME = Fibonacci;
			};
			name = Debug;
		};
		F5A5B9AA29E9865F00348EA1 /* Release */ = {
			isa = XCBuildConfiguration;
			buildSettings = {
				ALWAYS_EMBED_SWIFT_STANDARD_LIBRARIES = YES;
				CODE_SIGN_STYLE = Automatic;
				CURRENT_PROJECT_VERSION = 1;
				DEVELOPMENT_TEAM = AM42ZQURP2;
				GENERATE_INFOPLIST_FILE = YES;
				MARKETING_VERSION = 1.0;
				PRODUCT_BUNDLE_IDENTIFIER = pdfexamplewriter.FibonacciUITests;
				PRODUCT_NAME = "$(TARGET_NAME)";
				SWIFT_EMIT_LOC_STRINGS = NO;
				SWIFT_VERSION = 5.0;
				TARGETED_DEVICE_FAMILY = "1,2";
				TEST_TARGET_NAME = Fibonacci;
			};
			name = Release;
		};
/* End XCBuildConfiguration section */

/* Begin XCConfigurationList section */
		F5A5B97929E9865D00348EA1 /* Build configuration list for PBXProject "Fibonacci" */ = {
			isa = XCConfigurationList;
			buildConfigurations = (
				F5A5B9A029E9865F00348EA1 /* Debug */,
				F5A5B9A129E9865F00348EA1 /* Release */,
			);
			defaultConfigurationIsVisible = 0;
			defaultConfigurationName = Release;
		};
		F5A5B9A229E9865F00348EA1 /* Build configuration list for PBXNativeTarget "Fibonacci" */ = {
			isa = XCConfigurationList;
			buildConfigurations = (
				F5A5B9A329E9865F00348EA1 /* Debug */,
				F5A5B9A429E9865F00348EA1 /* Release */,
			);
			defaultConfigurationIsVisible = 0;
			defaultConfigurationName = Release;
		};
		F5A5B9A529E9865F00348EA1 /* Build configuration list for PBXNativeTarget "FibonacciTests" */ = {
			isa = XCConfigurationList;
			buildConfigurations = (
				F5A5B9A629E9865F00348EA1 /* Debug */,
				F5A5B9A729E9865F00348EA1 /* Release */,
			);
			defaultConfigurationIsVisible = 0;
			defaultConfigurationName = Release;
		};
		F5A5B9A829E9865F00348EA1 /* Build configuration list for PBXNativeTarget "FibonacciUITests" */ = {
			isa = XCConfigurationList;
			buildConfigurations = (
				F5A5B9A929E9865F00348EA1 /* Debug */,
				F5A5B9AA29E9865F00348EA1 /* Release */,
			);
			defaultConfigurationIsVisible = 0;
			defaultConfigurationName = Release;
		};
/* End XCConfigurationList section */
	};
	rootObject = F5A5B97629E9865D00348EA1 /* Project object */;
}
